Microsoft Visual Studio Solution File, Format Version 12.00
# Visual Studio Version 17
VisualStudioVersion = 17.5.2.0
MinimumVisualStudioVersion = 10.0.40219.1
Project("{FAE04EC0-301F-11D3-BF4B-00C04F79EFBC}") = "MirrorVM", "MirrorVM.csproj", "{54AD0C41-B41B-B636-B187-470C447D8CDC}"
EndProject
Global
	GlobalSection(SolutionConfigurationPlatforms) = preSolution
		Debug|Any CPU = Debug|Any CPU
		Release|Any CPU = Release|Any CPU
	EndGlobalSection
	GlobalSection(ProjectConfigurationPlatforms) = postSolution
		{54AD0C41-B41B-B636-B187-470C447D8CDC}.Debug|Any CPU.ActiveCfg = Debug|Any CPU
		{54AD0C41-B41B-B636-B187-470C447D8CDC}.Debug|Any CPU.Build.0 = Debug|Any CPU
		{54AD0C41-B41B-B636-B187-470C447D8CDC}.Release|Any CPU.ActiveCfg = Release|Any CPU
		{54AD0C41-B41B-B636-B187-470C447D8CDC}.Release|Any CPU.Build.0 = Release|Any CPU
	EndGlobalSection
	GlobalSection(SolutionProperties) = preSolution
		HideSolutionNode = FALSE
	EndGlobalSection
	GlobalSection(ExtensibilityGlobals) = postSolution
		SolutionGuid = {3F52CF15-EDFF-4403-91BA-97638F3109FE}
	EndGlobalSection
EndGlobal
